
Microsoft Visual Studio Solution File, Format Version 12.00
# Visual Studio Version 16
VisualStudioVersion = 16.0.32510.428
MinimumVisualStudioVersion = 10.0.40219.1
Project("{FAE04EC0-301F-11D3-BF4B-00C04F79EFBC}") = "EgsEcfEditorApp", "EgsEcfEditorApp\EgsEcfEditorApp.csproj", "{2CABCF17-8526-41E6-AA7B-97183C5A7687}"
	ProjectSection(ProjectDependencies) = postProject
		{6C8BA0C6-CE17-43D9-BCE4-223392D65A02} = {6C8BA0C6-CE17-43D9-BCE4-223392D65A02}
	EndProjectSection
EndProject
Project("{FAE04EC0-301F-11D3-BF4B-00C04F79EFBC}") = "EgsEcfParser", "EgsEcfParser\EgsEcfParser.csproj", "{6C8BA0C6-CE17-43D9-BCE4-223392D65A02}"
EndProject
Project("{FAE04EC0-301F-11D3-BF4B-00C04F79EFBC}") = "GenericDialogs", "GenericDialogs\GenericDialogs.csproj", "{21F03E9F-2DD7-443B-ACC9-4D219D3360B3}"
EndProject
Project("{FAE04EC0-301F-11D3-BF4B-00C04F79EFBC}") = "CustomControls", "CustomControls\CustomControls.csproj", "{5B5B7727-EC03-47A3-A450-53AE1B2DF418}"
EndProject
Project("{FAE04EC0-301F-11D3-BF4B-00C04F79EFBC}") = "EcfToolBarControls", "EcfToolBarControls\EcfToolBarControls.csproj", "{6F0D1B3A-5981-417F-BD08-D28C5F464E8A}"
EndProject
Global
	GlobalSection(SolutionConfigurationPlatforms) = preSolution
		Debug|Any CPU = Debug|Any CPU
		Release|Any CPU = Release|Any CPU
	EndGlobalSection
	GlobalSection(ProjectConfigurationPlatforms) = postSolution
		{2CABCF17-8526-41E6-AA7B-97183C5A7687}.Debug|Any CPU.ActiveCfg = Debug|Any CPU
		{2CABCF17-8526-41E6-AA7B-97183C5A7687}.Debug|Any CPU.Build.0 = Debug|Any CPU
		{2CABCF17-8526-41E6-AA7B-97183C5A7687}.Release|Any CPU.ActiveCfg = Release|Any CPU
		{2CABCF17-8526-41E6-AA7B-97183C5A7687}.Release|Any CPU.Build.0 = Release|Any CPU
		{6C8BA0C6-CE17-43D9-BCE4-223392D65A02}.Debug|Any CPU.ActiveCfg = Debug|Any CPU
		{6C8BA0C6-CE17-43D9-BCE4-223392D65A02}.Debug|Any CPU.Build.0 = Debug|Any CPU
		{6C8BA0C6-CE17-43D9-BCE4-223392D65A02}.Release|Any CPU.ActiveCfg = Release|Any CPU
		{6C8BA0C6-CE17-43D9-BCE4-223392D65A02}.Release|Any CPU.Build.0 = Release|Any CPU
		{21F03E9F-2DD7-443B-ACC9-4D219D3360B3}.Debug|Any CPU.ActiveCfg = Debug|Any CPU
		{21F03E9F-2DD7-443B-ACC9-4D219D3360B3}.Debug|Any CPU.Build.0 = Debug|Any CPU
		{21F03E9F-2DD7-443B-ACC9-4D219D3360B3}.Release|Any CPU.ActiveCfg = Release|Any CPU
		{21F03E9F-2DD7-443B-ACC9-4D219D3360B3}.Release|Any CPU.Build.0 = Release|Any CPU
		{5B5B7727-EC03-47A3-A450-53AE1B2DF418}.Debug|Any CPU.ActiveCfg = Debug|Any CPU
		{5B5B7727-EC03-47A3-A450-53AE1B2DF418}.Debug|Any CPU.Build.0 = Debug|Any CPU
		{5B5B7727-EC03-47A3-A450-53AE1B2DF418}.Release|Any CPU.ActiveCfg = Release|Any CPU
		{5B5B7727-EC03-47A3-A450-53AE1B2DF418}.Release|Any CPU.Build.0 = Release|Any CPU
		{6F0D1B3A-5981-417F-BD08-D28C5F464E8A}.Debug|Any CPU.ActiveCfg = Debug|Any CPU
		{6F0D1B3A-5981-417F-BD08-D28C5F464E8A}.Debug|Any CPU.Build.0 = Debug|Any CPU
		{6F0D1B3A-5981-417F-BD08-D28C5F464E8A}.Release|Any CPU.ActiveCfg = Release|Any CPU
		{6F0D1B3A-5981-417F-BD08-D28C5F464E8A}.Release|Any CPU.Build.0 = Release|Any CPU
	EndGlobalSection
	GlobalSection(SolutionProperties) = preSolution
		HideSolutionNode = FALSE
	EndGlobalSection
	GlobalSection(ExtensibilityGlobals) = postSolution
		SolutionGuid = {05505FEF-0CC2-445D-884F-C6C1B2E90717}
	EndGlobalSection
EndGlobal
